
Microsoft Visual Studio Solution File, Format Version 12.00
# Visual Studio 2012
Project("{FAE04EC0-301F-11D3-BF4B-00C04F79EFBC}") = "tnt_sender", "tnt_sender.csproj", "{E03D5F83-7D96-42F1-8E1A-D0F084214247}"
EndProject
Global
	GlobalSection(SolutionConfigurationPlatforms) = preSolution
		Debug|Any CPU = Debug|Any CPU
		Release|Any CPU = Release|Any CPU
	EndGlobalSection
	GlobalSection(ProjectConfigurationPlatforms) = postSolution
		{E03D5F83-7D96-42F1-8E1A-D0F084214247}.Debug|Any CPU.ActiveCfg = Debug|Any CPU
		{E03D5F83-7D96-42F1-8E1A-D0F084214247}.Debug|Any CPU.Build.0 = Debug|Any CPU
		{E03D5F83-7D96-42F1-8E1A-D0F084214247}.Release|Any CPU.ActiveCfg = Release|Any CPU
		{E03D5F83-7D96-42F1-8E1A-D0F084214247}.Release|Any CPU.Build.0 = Release|Any CPU
	EndGlobalSection
	GlobalSection(SolutionProperties) = preSolution
		HideSolutionNode = FALSE
	EndGlobalSection
EndGlobal
